<?xml version="1.0" encoding="utf-8"?>
<Project ToolsVersion="12.0" xmlns="http://schemas.microsoft.com/developer/msbuild/2003">
  <ItemGroup>
    <ClInclude Include="$(MSBuildThisFileDirectory)pch.h" />
    <ClInclude Include="$(MSBuildThisFileDirectory)UniversalAudioPlayer.h" />
    <ClInclude Include="$(MSBuildThisFileDirectory)Chunks.h" />
    <ClInclude Include="$(MSBuildThisFileDirectory)AudioSample.h" />
    <ClInclude Include="$(MSBuildThisFileDirectory)RiffReader.h" />
    <ClInclude Include="$(MSBuildThisFileDirectory)AudioData.h" />
    <ClInclude Include="$(MSBuildThisFileDirectory)AudioDecoder.h" />
    <ClInclude Include="$(MSBuildThisFileDirectory)Shared.h" />
  </ItemGroup>
  <ItemGroup>
    <ClCompile Include="$(MSBuildThisFileDirectory)pch.cpp">
      <PrecompiledHeader>Create</PrecompiledHeader>
    </ClCompile>
    <ClCompile Include="$(MSBuildThisFileDirectory)UniversalAudioPlayer.cpp" />
    <ClCompile Include="$(MSBuildThisFileDirectory)RiffReader.cpp" />
    <ClCompile Include="$(MSBuildThisFileDirectory)AudioDecoder.cpp" />
    <ClCompile Include="$(MSBuildThisFileDirectory)Shared.cpp" />
  </ItemGroup>
</Project>